// !$*UTF8*$!
{
	archiveVersion = 1;
	classes = {
	};
	objectVersion = 50;
	objects = {

/* Begin PBXBuildFile section */
		02FFC9287830357AE6912A7D /* Pods_WaterMarkDeleteTests.framework in Frameworks */ = {isa = PBXBuildFile; fileRef = A485555A54FF28FBBB17E6B9 /* Pods_WaterMarkDeleteTests.framework */; };
		3E410AE020775091006DA214 /* AppDelegate.m in Sources */ = {isa = PBXBuildFile; fileRef = 3E410ADF20775091006DA214 /* AppDelegate.m */; };
		3E410AE620775092006DA214 /* Main.storyboard in Resources */ = {isa = PBXBuildFile; fileRef = 3E410AE420775092006DA214 /* Main.storyboard */; };
		3E410AE820775099006DA214 /* Assets.xcassets in Resources */ = {isa = PBXBuildFile; fileRef = 3E410AE720775099006DA214 /* Assets.xcassets */; };
		3E410AEB20775099006DA214 /* LaunchScreen.storyboard in Resources */ = {isa = PBXBuildFile; fileRef = 3E410AE920775099006DA214 /* LaunchScreen.storyboard */; };
		3E410AEE20775099006DA214 /* main.m in Sources */ = {isa = PBXBuildFile; fileRef = 3E410AED20775099006DA214 /* main.m */; };
		3E410AF820775099006DA214 /* WaterMarkDeleteTests.m in Sources */ = {isa = PBXBuildFile; fileRef = 3E410AF720775099006DA214 /* WaterMarkDeleteTests.m */; };
		3E410B0320775099006DA214 /* WaterMarkDeleteUITests.m in Sources */ = {isa = PBXBuildFile; fileRef = 3E410B0220775099006DA214 /* WaterMarkDeleteUITests.m */; };
		3E410B12207750D8006DA214 /* RootViewController.m in Sources */ = {isa = PBXBuildFile; fileRef = 3E410B11207750D8006DA214 /* RootViewController.m */; };
		3E8A572C2079E93E00DDA2E0 /* libc++.tbd in Frameworks */ = {isa = PBXBuildFile; fileRef = 3E8A572B2079E93E00DDA2E0 /* libc++.tbd */; };
		3E8A572E2079E94600DDA2E0 /* AVFoundation.framework in Frameworks */ = {isa = PBXBuildFile; fileRef = 3E8A572D2079E94600DDA2E0 /* AVFoundation.framework */; };
		3E8A57302079E95000DDA2E0 /* CoreImage.framework in Frameworks */ = {isa = PBXBuildFile; fileRef = 3E8A572F2079E94F00DDA2E0 /* CoreImage.framework */; };
		3E8A57322079E96300DDA2E0 /* CoreGraphics.framework in Frameworks */ = {isa = PBXBuildFile; fileRef = 3E8A57312079E96300DDA2E0 /* CoreGraphics.framework */; };
		3E8A57342079E96A00DDA2E0 /* QuartzCore.framework in Frameworks */ = {isa = PBXBuildFile; fileRef = 3E8A57332079E96A00DDA2E0 /* QuartzCore.framework */; };
		3E8A57362079E97200DDA2E0 /* Accelerate.framework in Frameworks */ = {isa = PBXBuildFile; fileRef = 3E8A57352079E97200DDA2E0 /* Accelerate.framework */; };
		3E8A57382079E97C00DDA2E0 /* CoreVideo.framework in Frameworks */ = {isa = PBXBuildFile; fileRef = 3E8A57372079E97C00DDA2E0 /* CoreVideo.framework */; };
		3E8A573A2079E98500DDA2E0 /* CoreMedia.framework in Frameworks */ = {isa = PBXBuildFile; fileRef = 3E8A57392079E98500DDA2E0 /* CoreMedia.framework */; };
		3E8A573C2079E98E00DDA2E0 /* AssetsLibrary.framework in Frameworks */ = {isa = PBXBuildFile; fileRef = 3E8A573B2079E98E00DDA2E0 /* AssetsLibrary.framework */; };
		3E8A57422079ED1E00DDA2E0 /* UIImage+OpenCV.mm in Sources */ = {isa = PBXBuildFile; fileRef = 3E8A57412079ED1E00DDA2E0 /* UIImage+OpenCV.mm */; };
		3E8A574C207A182500DDA2E0 /* ImageIO.framework in Frameworks */ = {isa = PBXBuildFile; fileRef = 3E8A574B207A182500DDA2E0 /* ImageIO.framework */; };
		3E8A574E207A183C00DDA2E0 /* libz.tbd in Frameworks */ = {isa = PBXBuildFile; fileRef = 3E8A574D207A183C00DDA2E0 /* libz.tbd */; };
		3E9EF9EC2077886800B18DE4 /* PictureViewController.mm in Sources */ = {isa = PBXBuildFile; fileRef = 3E9EF9EB2077886800B18DE4 /* PictureViewController.mm */; };
		3E9EF9EF20779BE000B18DE4 /* ClipView.m in Sources */ = {isa = PBXBuildFile; fileRef = 3E9EF9EE20779BE000B18DE4 /* ClipView.m */; };
		7E592CA47C8387039BC92046 /* Pods_WaterMarkDeleteUITests.framework in Frameworks */ = {isa = PBXBuildFile; fileRef = 4211EE8D3460798B5048A924 /* Pods_WaterMarkDeleteUITests.framework */; };
		859EA409CB9A2C5B32AF354A /* Pods_WaterMarkDelete.framework in Frameworks */ = {isa = PBXBuildFile; fileRef = 71EC092D29E47BEBF873E927 /* Pods_WaterMarkDelete.framework */; };
/* End PBXBuildFile section */

/* Begin PBXContainerItemProxy section */
		3E410AF420775099006DA214 /* PBXContainerItemProxy */ = {
			isa = PBXContainerItemProxy;
			containerPortal = 3E410AD320775091006DA214 /* Project object */;
			proxyType = 1;
			remoteGlobalIDString = 3E410ADA20775091006DA214;
			remoteInfo = WaterMarkDelete;
		};
		3E410AFF20775099006DA214 /* PBXContainerItemProxy */ = {
			isa = PBXContainerItemProxy;
			containerPortal = 3E410AD320775091006DA214 /* Project object */;
			proxyType = 1;
			remoteGlobalIDString = 3E410ADA20775091006DA214;
			remoteInfo = WaterMarkDelete;
		};
/* End PBXContainerItemProxy section */

/* Begin PBXFileReference section */
		3E410ADB20775091006DA214 /* WaterMarkDelete.app */ = {isa = PBXFileReference; explicitFileType = wrapper.application; includeInIndex = 0; path = WaterMarkDelete.app; sourceTree = BUILT_PRODUCTS_DIR; };
		3E410ADE20775091006DA214 /* AppDelegate.h */ = {isa = PBXFileReference; lastKnownFileType = sourcecode.c.h; path = AppDelegate.h; sourceTree = "<group>"; };
		3E410ADF20775091006DA214 /* AppDelegate.m */ = {isa = PBXFileReference; lastKnownFileType = sourcecode.c.objc; path = AppDelegate.m; sourceTree = "<group>"; };
		3E410AE520775092006DA214 /* Base */ = {isa = PBXFileReference; lastKnownFileType = file.storyboard; name = Base; path = Base.lproj/Main.storyboard; sourceTree = "<group>"; };
		3E410AE720775099006DA214 /* Assets.xcassets */ = {isa = PBXFileReference; lastKnownFileType = folder.assetcatalog; path = Assets.xcassets; sourceTree = "<group>"; };
		3E410AEA20775099006DA214 /* Base */ = {isa = PBXFileReference; lastKnownFileType = file.storyboard; name = Base; path = Base.lproj/LaunchScreen.storyboard; sourceTree = "<group>"; };
		3E410AEC20775099006DA214 /* Info.plist */ = {isa = PBXFileReference; lastKnownFileType = text.plist.xml; path = Info.plist; sourceTree = "<group>"; };
		3E410AED20775099006DA214 /* main.m */ = {isa = PBXFileReference; lastKnownFileType = sourcecode.c.objc; path = main.m; sourceTree = "<group>"; };
		3E410AF320775099006DA214 /* WaterMarkDeleteTests.xctest */ = {isa = PBXFileReference; explicitFileType = wrapper.cfbundle; includeInIndex = 0; path = WaterMarkDeleteTests.xctest; sourceTree = BUILT_PRODUCTS_DIR; };
		3E410AF720775099006DA214 /* WaterMarkDeleteTests.m */ = {isa = PBXFileReference; lastKnownFileType = sourcecode.c.objc; path = WaterMarkDeleteTests.m; sourceTree = "<group>"; };
		3E410AF920775099006DA214 /* Info.plist */ = {isa = PBXFileReference; lastKnownFileType = text.plist.xml; path = Info.plist; sourceTree = "<group>"; };
		3E410AFE20775099006DA214 /* WaterMarkDeleteUITests.xctest */ = {isa = PBXFileReference; explicitFileType = wrapper.cfbundle; includeInIndex = 0; path = WaterMarkDeleteUITests.xctest; sourceTree = BUILT_PRODUCTS_DIR; };
		3E410B0220775099006DA214 /* WaterMarkDeleteUITests.m */ = {isa = PBXFileReference; lastKnownFileType = sourcecode.c.objc; path = WaterMarkDeleteUITests.m; sourceTree = "<group>"; };
		3E410B0420775099006DA214 /* Info.plist */ = {isa = PBXFileReference; lastKnownFileType = text.plist.xml; path = Info.plist; sourceTree = "<group>"; };
		3E410B10207750D8006DA214 /* RootViewController.h */ = {isa = PBXFileReference; lastKnownFileType = sourcecode.c.h; path = RootViewController.h; sourceTree = "<group>"; };
		3E410B11207750D8006DA214 /* RootViewController.m */ = {isa = PBXFileReference; lastKnownFileType = sourcecode.c.objc; path = RootViewController.m; sourceTree = "<group>"; };
		3E8A572B2079E93E00DDA2E0 /* libc++.tbd */ = {isa = PBXFileReference; lastKnownFileType = "sourcecode.text-based-dylib-definition"; name = "libc++.tbd"; path = "usr/lib/libc++.tbd"; sourceTree = SDKROOT; };
		3E8A572D2079E94600DDA2E0 /* AVFoundation.framework */ = {isa = PBXFileReference; lastKnownFileType = wrapper.framework; name = AVFoundation.framework; path = System/Library/Frameworks/AVFoundation.framework; sourceTree = SDKROOT; };
		3E8A572F2079E94F00DDA2E0 /* CoreImage.framework */ = {isa = PBXFileReference; lastKnownFileType = wrapper.framework; name = CoreImage.framework; path = System/Library/Frameworks/CoreImage.framework; sourceTree = SDKROOT; };
		3E8A57312079E96300DDA2E0 /* CoreGraphics.framework */ = {isa = PBXFileReference; lastKnownFileType = wrapper.framework; name = CoreGraphics.framework; path = System/Library/Frameworks/CoreGraphics.framework; sourceTree = SDKROOT; };
		3E8A57332079E96A00DDA2E0 /* QuartzCore.framework */ = {isa = PBXFileReference; lastKnownFileType = wrapper.framework; name = QuartzCore.framework; path = System/Library/Frameworks/QuartzCore.framework; sourceTree = SDKROOT; };
		3E8A57352079E97200DDA2E0 /* Accelerate.framework */ = {isa = PBXFileReference; lastKnownFileType = wrapper.framework; name = Accelerate.framework; path = System/Library/Frameworks/Accelerate.framework; sourceTree = SDKROOT; };
		3E8A57372079E97C00DDA2E0 /* CoreVideo.framework */ = {isa = PBXFileReference; lastKnownFileType = wrapper.framework; name = CoreVideo.framework; path = System/Library/Frameworks/CoreVideo.framework; sourceTree = SDKROOT; };
		3E8A57392079E98500DDA2E0 /* CoreMedia.framework */ = {isa = PBXFileReference; lastKnownFileType = wrapper.framework; name = CoreMedia.framework; path = System/Library/Frameworks/CoreMedia.framework; sourceTree = SDKROOT; };
		3E8A573B2079E98E00DDA2E0 /* AssetsLibrary.framework */ = {isa = PBXFileReference; lastKnownFileType = wrapper.framework; name = AssetsLibrary.framework; path = System/Library/Frameworks/AssetsLibrary.framework; sourceTree = SDKROOT; };
		3E8A57402079ED1E00DDA2E0 /* UIImage+OpenCV.h */ = {isa = PBXFileReference; lastKnownFileType = sourcecode.c.h; path = "UIImage+OpenCV.h"; sourceTree = "<group>"; };
		3E8A57412079ED1E00DDA2E0 /* UIImage+OpenCV.mm */ = {isa = PBXFileReference; lastKnownFileType = sourcecode.cpp.objcpp; path = "UIImage+OpenCV.mm"; sourceTree = "<group>"; };
		3E8A5743207A0B2000DDA2E0 /* libc++.1.tbd */ = {isa = PBXFileReference; lastKnownFileType = "sourcecode.text-based-dylib-definition"; name = "libc++.1.tbd"; path = "usr/lib/libc++.1.tbd"; sourceTree = SDKROOT; };
		3E8A574B207A182500DDA2E0 /* ImageIO.framework */ = {isa = PBXFileReference; lastKnownFileType = wrapper.framework; name = ImageIO.framework; path = System/Library/Frameworks/ImageIO.framework; sourceTree = SDKROOT; };
		3E8A574D207A183C00DDA2E0 /* libz.tbd */ = {isa = PBXFileReference; lastKnownFileType = "sourcecode.text-based-dylib-definition"; name = libz.tbd; path = usr/lib/libz.tbd; sourceTree = SDKROOT; };
		3E8A574F207A258500DDA2E0 /* WaterMarkDelete.pch */ = {isa = PBXFileReference; lastKnownFileType = sourcecode.c.h; path = WaterMarkDelete.pch; sourceTree = "<group>"; };
		3E9EF9EA2077886700B18DE4 /* PictureViewController.h */ = {isa = PBXFileReference; lastKnownFileType = sourcecode.c.h; path = PictureViewController.h; sourceTree = "<group>"; };
		3E9EF9EB2077886800B18DE4 /* PictureViewController.mm */ = {isa = PBXFileReference; lastKnownFileType = sourcecode.cpp.objcpp; path = PictureViewController.mm; sourceTree = "<group>"; };
		3E9EF9ED20779BE000B18DE4 /* ClipView.h */ = {isa = PBXFileReference; lastKnownFileType = sourcecode.c.h; path = ClipView.h; sourceTree = "<group>"; };
		3E9EF9EE20779BE000B18DE4 /* ClipView.m */ = {isa = PBXFileReference; lastKnownFileType = sourcecode.c.objc; path = ClipView.m; sourceTree = "<group>"; };
		4211EE8D3460798B5048A924 /* Pods_WaterMarkDeleteUITests.framework */ = {isa = PBXFileReference; explicitFileType = wrapper.framework; includeInIndex = 0; path = Pods_WaterMarkDeleteUITests.framework; sourceTree = BUILT_PRODUCTS_DIR; };
		4BAAA442F94A7A24C6A3307E /* Pods-WaterMarkDeleteTests.debug.xcconfig */ = {isa = PBXFileReference; includeInIndex = 1; lastKnownFileType = text.xcconfig; name = "Pods-WaterMarkDeleteTests.debug.xcconfig"; path = "Pods/Target Support Files/Pods-WaterMarkDeleteTests/Pods-WaterMarkDeleteTests.debug.xcconfig"; sourceTree = "<group>"; };
		600D02087DEA53AE1D7EB913 /* Pods-WaterMarkDeleteUITests.debug.xcconfig */ = {isa = PBXFileReference; includeInIndex = 1; lastKnownFileType = text.xcconfig; name = "Pods-WaterMarkDeleteUITests.debug.xcconfig"; path = "Pods/Target Support Files/Pods-WaterMarkDeleteUITests/Pods-WaterMarkDeleteUITests.debug.xcconfig"; sourceTree = "<group>"; };
		71EC092D29E47BEBF873E927 /* Pods_WaterMarkDelete.framework */ = {isa = PBXFileReference; explicitFileType = wrapper.framework; includeInIndex = 0; path = Pods_WaterMarkDelete.framework; sourceTree = BUILT_PRODUCTS_DIR; };
		7AB8ED2930F4DEC749E317FD /* Pods-WaterMarkDeleteUITests.release.xcconfig */ = {isa = PBXFileReference; includeInIndex = 1; lastKnownFileType = text.xcconfig; name = "Pods-WaterMarkDeleteUITests.release.xcconfig"; path = "Pods/Target Support Files/Pods-WaterMarkDeleteUITests/Pods-WaterMarkDeleteUITests.release.xcconfig"; sourceTree = "<group>"; };
		959066A9B7D90C48302B0FFD /* Pods-WaterMarkDelete.debug.xcconfig */ = {isa = PBXFileReference; includeInIndex = 1; lastKnownFileType = text.xcconfig; name = "Pods-WaterMarkDelete.debug.xcconfig"; path = "Pods/Target Support Files/Pods-WaterMarkDelete/Pods-WaterMarkDelete.debug.xcconfig"; sourceTree = "<group>"; };
		A485555A54FF28FBBB17E6B9 /* Pods_WaterMarkDeleteTests.framework */ = {isa = PBXFileReference; explicitFileType = wrapper.framework; includeInIndex = 0; path = Pods_WaterMarkDeleteTests.framework; sourceTree = BUILT_PRODUCTS_DIR; };
		CBDE110B2912D1A891931DAA /* Pods-WaterMarkDeleteTests.release.xcconfig */ = {isa = PBXFileReference; includeInIndex = 1; lastKnownFileType = text.xcconfig; name = "Pods-WaterMarkDeleteTests.release.xcconfig"; path = "Pods/Target Support Files/Pods-WaterMarkDeleteTests/Pods-WaterMarkDeleteTests.release.xcconfig"; sourceTree = "<group>"; };
		CDD8DF8C97DEF91FB4114BE1 /* Pods-WaterMarkDelete.release.xcconfig */ = {isa = PBXFileReference; includeInIndex = 1; lastKnownFileType = text.xcconfig; name = "Pods-WaterMarkDelete.release.xcconfig"; path = "Pods/Target Support Files/Pods-WaterMarkDelete/Pods-WaterMarkDelete.release.xcconfig"; sourceTree = "<group>"; };
/* End PBXFileReference section */

/* Begin PBXFrameworksBuildPhase section */
		3E410AD820775091006DA214 /* Frameworks */ = {
			isa = PBXFrameworksBuildPhase;
			buildActionMask = 2147483647;
			files = (
				3E8A574E207A183C00DDA2E0 /* libz.tbd in Frameworks */,
				3E8A574C207A182500DDA2E0 /* ImageIO.framework in Frameworks */,
				3E8A573C2079E98E00DDA2E0 /* AssetsLibrary.framework in Frameworks */,
				3E8A573A2079E98500DDA2E0 /* CoreMedia.framework in Frameworks */,
				3E8A57382079E97C00DDA2E0 /* CoreVideo.framework in Frameworks */,
				3E8A57362079E97200DDA2E0 /* Accelerate.framework in Frameworks */,
				3E8A57342079E96A00DDA2E0 /* QuartzCore.framework in Frameworks */,
				3E8A57322079E96300DDA2E0 /* CoreGraphics.framework in Frameworks */,
				3E8A57302079E95000DDA2E0 /* CoreImage.framework in Frameworks */,
				3E8A572E2079E94600DDA2E0 /* AVFoundation.framework in Frameworks */,
				3E8A572C2079E93E00DDA2E0 /* libc++.tbd in Frameworks */,
				859EA409CB9A2C5B32AF354A /* Pods_WaterMarkDelete.framework in Frameworks */,
			);
			runOnlyForDeploymentPostprocessing = 0;
		};
		3E410AF020775099006DA214 /* Frameworks */ = {
			isa = PBXFrameworksBuildPhase;
			buildActionMask = 2147483647;
			files = (
				02FFC9287830357AE6912A7D /* Pods_WaterMarkDeleteTests.framework in Frameworks */,
			);
			runOnlyForDeploymentPostprocessing = 0;
		};
		3E410AFB20775099006DA214 /* Frameworks */ = {
			isa = PBXFrameworksBuildPhase;
			buildActionMask = 2147483647;
			files = (
				7E592CA47C8387039BC92046 /* Pods_WaterMarkDeleteUITests.framework in Frameworks */,
			);
			runOnlyForDeploymentPostprocessing = 0;
		};
/* End PBXFrameworksBuildPhase section */

/* Begin PBXGroup section */
		3E410AD220775091006DA214 = {
			isa = PBXGroup;
			children = (
				3E410ADD20775091006DA214 /* WaterMarkDelete */,
				3E410AF620775099006DA214 /* WaterMarkDeleteTests */,
				3E410B0120775099006DA214 /* WaterMarkDeleteUITests */,
				3E410ADC20775091006DA214 /* Products */,
				B991F3CF7352BB29FF1BECE2 /* Pods */,
				BB9473284FE4CB292D1B9F23 /* Frameworks */,
			);
			sourceTree = "<group>";
		};
		3E410ADC20775091006DA214 /* Products */ = {
			isa = PBXGroup;
			children = (
				3E410ADB20775091006DA214 /* WaterMarkDelete.app */,
				3E410AF320775099006DA214 /* WaterMarkDeleteTests.xctest */,
				3E410AFE20775099006DA214 /* WaterMarkDeleteUITests.xctest */,
			);
			name = Products;
			sourceTree = "<group>";
		};
		3E410ADD20775091006DA214 /* WaterMarkDelete */ = {
			isa = PBXGroup;
			children = (
				3E410B10207750D8006DA214 /* RootViewController.h */,
				3E410B11207750D8006DA214 /* RootViewController.m */,
				3E410ADE20775091006DA214 /* AppDelegate.h */,
				3E410ADF20775091006DA214 /* AppDelegate.m */,
				3E410AE420775092006DA214 /* Main.storyboard */,
				3E410AE720775099006DA214 /* Assets.xcassets */,
				3E410AE920775099006DA214 /* LaunchScreen.storyboard */,
				3E410AEC20775099006DA214 /* Info.plist */,
				3E410AED20775099006DA214 /* main.m */,
				3E9EF9EA2077886700B18DE4 /* PictureViewController.h */,
				3E9EF9EB2077886800B18DE4 /* PictureViewController.mm */,
				3E9EF9ED20779BE000B18DE4 /* ClipView.h */,
				3E9EF9EE20779BE000B18DE4 /* ClipView.m */,
				3E8A57402079ED1E00DDA2E0 /* UIImage+OpenCV.h */,
				3E8A57412079ED1E00DDA2E0 /* UIImage+OpenCV.mm */,
				3E8A574F207A258500DDA2E0 /* WaterMarkDelete.pch */,
			);
			path = WaterMarkDelete;
			sourceTree = "<group>";
		};
		3E410AF620775099006DA214 /* WaterMarkDeleteTests */ = {
			isa = PBXGroup;
			children = (
				3E410AF720775099006DA214 /* WaterMarkDeleteTests.m */,
				3E410AF920775099006DA214 /* Info.plist */,
			);
			path = WaterMarkDeleteTests;
			sourceTree = "<group>";
		};
		3E410B0120775099006DA214 /* WaterMarkDeleteUITests */ = {
			isa = PBXGroup;
			children = (
				3E410B0220775099006DA214 /* WaterMarkDeleteUITests.m */,
				3E410B0420775099006DA214 /* Info.plist */,
			);
			path = WaterMarkDeleteUITests;
			sourceTree = "<group>";
		};
		B991F3CF7352BB29FF1BECE2 /* Pods */ = {
			isa = PBXGroup;
			children = (
				959066A9B7D90C48302B0FFD /* Pods-WaterMarkDelete.debug.xcconfig */,
				CDD8DF8C97DEF91FB4114BE1 /* Pods-WaterMarkDelete.release.xcconfig */,
				4BAAA442F94A7A24C6A3307E /* Pods-WaterMarkDeleteTests.debug.xcconfig */,
				CBDE110B2912D1A891931DAA /* Pods-WaterMarkDeleteTests.release.xcconfig */,
				600D02087DEA53AE1D7EB913 /* Pods-WaterMarkDeleteUITests.debug.xcconfig */,
				7AB8ED2930F4DEC749E317FD /* Pods-WaterMarkDeleteUITests.release.xcconfig */,
			);
			name = Pods;
			sourceTree = "<group>";
		};
		BB9473284FE4CB292D1B9F23 /* Frameworks */ = {
			isa = PBXGroup;
			children = (
				3E8A574D207A183C00DDA2E0 /* libz.tbd */,
				3E8A574B207A182500DDA2E0 /* ImageIO.framework */,
				3E8A5743207A0B2000DDA2E0 /* libc++.1.tbd */,
				3E8A573B2079E98E00DDA2E0 /* AssetsLibrary.framework */,
				3E8A57392079E98500DDA2E0 /* CoreMedia.framework */,
				3E8A57372079E97C00DDA2E0 /* CoreVideo.framework */,
				3E8A57352079E97200DDA2E0 /* Accelerate.framework */,
				3E8A57332079E96A00DDA2E0 /* QuartzCore.framework */,
				3E8A57312079E96300DDA2E0 /* CoreGraphics.framework */,
				3E8A572F2079E94F00DDA2E0 /* CoreImage.framework */,
				3E8A572D2079E94600DDA2E0 /* AVFoundation.framework */,
				3E8A572B2079E93E00DDA2E0 /* libc++.tbd */,
				71EC092D29E47BEBF873E927 /* Pods_WaterMarkDelete.framework */,
				A485555A54FF28FBBB17E6B9 /* Pods_WaterMarkDeleteTests.framework */,
				4211EE8D3460798B5048A924 /* Pods_WaterMarkDeleteUITests.framework */,
			);
			name = Frameworks;
			sourceTree = "<group>";
		};
/* End PBXGroup section */

/* Begin PBXNativeTarget section */
		3E410ADA20775091006DA214 /* WaterMarkDelete */ = {
			isa = PBXNativeTarget;
			buildConfigurationList = 3E410B0720775099006DA214 /* Build configuration list for PBXNativeTarget "WaterMarkDelete" */;
			buildPhases = (
				6F49885E520C9B55AFCE23CC /* [CP] Check Pods Manifest.lock */,
				3E410AD720775091006DA214 /* Sources */,
				3E410AD820775091006DA214 /* Frameworks */,
				3E410AD920775091006DA214 /* Resources */,
				3284F5B162B5D46BB2D07E39 /* [CP] Embed Pods Frameworks */,
			);
			buildRules = (
			);
			dependencies = (
			);
			name = WaterMarkDelete;
			productName = WaterMarkDelete;
			productReference = 3E410ADB20775091006DA214 /* WaterMarkDelete.app */;
			productType = "com.apple.product-type.application";
		};
		3E410AF220775099006DA214 /* WaterMarkDeleteTests */ = {
			isa = PBXNativeTarget;
			buildConfigurationList = 3E410B0A20775099006DA214 /* Build configuration list for PBXNativeTarget "WaterMarkDeleteTests" */;
			buildPhases = (
				816E6246C10393202BECC6CD /* [CP] Check Pods Manifest.lock */,
				3E410AEF20775099006DA214 /* Sources */,
				3E410AF020775099006DA214 /* Frameworks */,
				3E410AF120775099006DA214 /* Resources */,
			);
			buildRules = (
			);
			dependencies = (
				3E410AF520775099006DA214 /* PBXTargetDependency */,
			);
			name = WaterMarkDeleteTests;
			productName = WaterMarkDeleteTests;
			productReference = 3E410AF320775099006DA214 /* WaterMarkDeleteTests.xctest */;
			productType = "com.apple.product-type.bundle.unit-test";
		};
		3E410AFD20775099006DA214 /* WaterMarkDeleteUITests */ = {
			isa = PBXNativeTarget;
			buildConfigurationList = 3E410B0D20775099006DA214 /* Build configuration list for PBXNativeTarget "WaterMarkDeleteUITests" */;
			buildPhases = (
				EC821002F57620F60E4EDCD9 /* [CP] Check Pods Manifest.lock */,
				3E410AFA20775099006DA214 /* Sources */,
				3E410AFB20775099006DA214 /* Frameworks */,
				3E410AFC20775099006DA214 /* Resources */,
			);
			buildRules = (
			);
			dependencies = (
				3E410B0020775099006DA214 /* PBXTargetDependency */,
			);
			name = WaterMarkDeleteUITests;
			productName = WaterMarkDeleteUITests;
			productReference = 3E410AFE20775099006DA214 /* WaterMarkDeleteUITests.xctest */;
			productType = "com.apple.product-type.bundle.ui-testing";
		};
/* End PBXNativeTarget section */

/* Begin PBXProject section */
		3E410AD320775091006DA214 /* Project object */ = {
			isa = PBXProject;
			attributes = {
				LastUpgradeCheck = 0930;
				ORGANIZATIONNAME = WangYiming;
				TargetAttributes = {
					3E410ADA20775091006DA214 = {
						CreatedOnToolsVersion = 9.3;
					};
					3E410AF220775099006DA214 = {
						CreatedOnToolsVersion = 9.3;
						TestTargetID = 3E410ADA20775091006DA214;
					};
					3E410AFD20775099006DA214 = {
						CreatedOnToolsVersion = 9.3;
						TestTargetID = 3E410ADA20775091006DA214;
					};
				};
			};
			buildConfigurationList = 3E410AD620775091006DA214 /* Build configuration list for PBXProject "WaterMarkDelete" */;
			compatibilityVersion = "Xcode 9.3";
			developmentRegion = en;
			hasScannedForEncodings = 0;
			knownRegions = (
				en,
				Base,
			);
			mainGroup = 3E410AD220775091006DA214;
			productRefGroup = 3E410ADC20775091006DA214 /* Products */;
			projectDirPath = "";
			projectRoot = "";
			targets = (
				3E410ADA20775091006DA214 /* WaterMarkDelete */,
				3E410AF220775099006DA214 /* WaterMarkDeleteTests */,
				3E410AFD20775099006DA214 /* WaterMarkDeleteUITests */,
			);
		};
/* End PBXProject section */

/* Begin PBXResourcesBuildPhase section */
		3E410AD920775091006DA214 /* Resources */ = {
			isa = PBXResourcesBuildPhase;
			buildActionMask = 2147483647;
			files = (
				3E410AEB20775099006DA214 /* LaunchScreen.storyboard in Resources */,
				3E410AE820775099006DA214 /* Assets.xcassets in Resources */,
				3E410AE620775092006DA214 /* Main.storyboard in Resources */,
			);
			runOnlyForDeploymentPostprocessing = 0;
		};
		3E410AF120775099006DA214 /* Resources */ = {
			isa = PBXResourcesBuildPhase;
			buildActionMask = 2147483647;
			files = (
			);
			runOnlyForDeploymentPostprocessing = 0;
		};
		3E410AFC20775099006DA214 /* Resources */ = {
			isa = PBXResourcesBuildPhase;
			buildActionMask = 2147483647;
			files = (
			);
			runOnlyForDeploymentPostprocessing = 0;
		};
/* End PBXResourcesBuildPhase section */

/* Begin PBXShellScriptBuildPhase section */
		3284F5B162B5D46BB2D07E39 /* [CP] Embed Pods Frameworks */ = {
			isa = PBXShellScriptBuildPhase;
			buildActionMask = 2147483647;
			files = (
			);
			inputPaths = (
				"${SRCROOT}/Pods/Target Support Files/Pods-WaterMarkDelete/Pods-WaterMarkDelete-frameworks.sh",
				"${BUILT_PRODUCTS_DIR}/GPUImage/GPUImage.framework",
				"${BUILT_PRODUCTS_DIR}/MBProgressHUD/MBProgressHUD.framework",
				"${BUILT_PRODUCTS_DIR}/OpenCV/opencv2.framework",
			);
			name = "[CP] Embed Pods Frameworks";
			outputPaths = (
				"${TARGET_BUILD_DIR}/${FRAMEWORKS_FOLDER_PATH}/GPUImage.framework",
				"${TARGET_BUILD_DIR}/${FRAMEWORKS_FOLDER_PATH}/MBProgressHUD.framework",
				"${TARGET_BUILD_DIR}/${FRAMEWORKS_FOLDER_PATH}/opencv2.framework",
			);
			runOnlyForDeploymentPostprocessing = 0;
			shellPath = /bin/sh;
			shellScript = "\"${SRCROOT}/Pods/Target Support Files/Pods-WaterMarkDelete/Pods-WaterMarkDelete-frameworks.sh\"\n";
			showEnvVarsInLog = 0;
		};
		6F49885E520C9B55AFCE23CC /* [CP] Check Pods Manifest.lock */ = {
			isa = PBXShellScriptBuildPhase;
			buildActionMask = 2147483647;
			files = (
			);
			inputPaths = (
				"${PODS_PODFILE_DIR_PATH}/Podfile.lock",
				"${PODS_ROOT}/Manifest.lock",
			);
			name = "[CP] Check Pods Manifest.lock";
			outputPaths = (
				"$(DERIVED_FILE_DIR)/Pods-WaterMarkDelete-checkManifestLockResult.txt",
			);
			runOnlyForDeploymentPostprocessing = 0;
			shellPath = /bin/sh;
			shellScript = "diff \"${PODS_PODFILE_DIR_PATH}/Podfile.lock\" \"${PODS_ROOT}/Manifest.lock\" > /dev/null\nif [ $? != 0 ] ; then\n    # print error to STDERR\n    echo \"error: The sandbox is not in sync with the Podfile.lock. Run 'pod install' or update your CocoaPods installation.\" >&2\n    exit 1\nfi\n# This output is used by Xcode 'outputs' to avoid re-running this script phase.\necho \"SUCCESS\" > \"${SCRIPT_OUTPUT_FILE_0}\"\n";
			showEnvVarsInLog = 0;
		};
		816E6246C10393202BECC6CD /* [CP] Check Pods Manifest.lock */ = {
			isa = PBXShellScriptBuildPhase;
			buildActionMask = 2147483647;
			files = (
			);
			inputPaths = (
				"${PODS_PODFILE_DIR_PATH}/Podfile.lock",
				"${PODS_ROOT}/Manifest.lock",
			);
			name = "[CP] Check Pods Manifest.lock";
			outputPaths = (
				"$(DERIVED_FILE_DIR)/Pods-WaterMarkDeleteTests-checkManifestLockResult.txt",
			);
			runOnlyForDeploymentPostprocessing = 0;
			shellPath = /bin/sh;
			shellScript = "diff \"${PODS_PODFILE_DIR_PATH}/Podfile.lock\" \"${PODS_ROOT}/Manifest.lock\" > /dev/null\nif [ $? != 0 ] ; then\n    # print error to STDERR\n    echo \"error: The sandbox is not in sync with the Podfile.lock. Run 'pod install' or update your CocoaPods installation.\" >&2\n    exit 1\nfi\n# This output is used by Xcode 'outputs' to avoid re-running this script phase.\necho \"SUCCESS\" > \"${SCRIPT_OUTPUT_FILE_0}\"\n";
			showEnvVarsInLog = 0;
		};
		EC821002F57620F60E4EDCD9 /* [CP] Check Pods Manifest.lock */ = {
			isa = PBXShellScriptBuildPhase;
			buildActionMask = 2147483647;
			files = (
			);
			inputPaths = (
				"${PODS_PODFILE_DIR_PATH}/Podfile.lock",
				"${PODS_ROOT}/Manifest.lock",
			);
			name = "[CP] Check Pods Manifest.lock";
			outputPaths = (
				"$(DERIVED_FILE_DIR)/Pods-WaterMarkDeleteUITests-checkManifestLockResult.txt",
			);
			runOnlyForDeploymentPostprocessing = 0;
			shellPath = /bin/sh;
			shellScript = "diff \"${PODS_PODFILE_DIR_PATH}/Podfile.lock\" \"${PODS_ROOT}/Manifest.lock\" > /dev/null\nif [ $? != 0 ] ; then\n    # print error to STDERR\n    echo \"error: The sandbox is not in sync with the Podfile.lock. Run 'pod install' or update your CocoaPods installation.\" >&2\n    exit 1\nfi\n# This output is used by Xcode 'outputs' to avoid re-running this script phase.\necho \"SUCCESS\" > \"${SCRIPT_OUTPUT_FILE_0}\"\n";
			showEnvVarsInLog = 0;
		};
/* End PBXShellScriptBuildPhase section */

/* Begin PBXSourcesBuildPhase section */
		3E410AD720775091006DA214 /* Sources */ = {
			isa = PBXSourcesBuildPhase;
			buildActionMask = 2147483647;
			files = (
				3E410AEE20775099006DA214 /* main.m in Sources */,
				3E9EF9EC2077886800B18DE4 /* PictureViewController.mm in Sources */,
				3E9EF9EF20779BE000B18DE4 /* ClipView.m in Sources */,
				3E410AE020775091006DA214 /* AppDelegate.m in Sources */,
				3E8A57422079ED1E00DDA2E0 /* UIImage+OpenCV.mm in Sources */,
				3E410B12207750D8006DA214 /* RootViewController.m in Sources */,
			);
			runOnlyForDeploymentPostprocessing = 0;
		};
		3E410AEF20775099006DA214 /* Sources */ = {
			isa = PBXSourcesBuildPhase;
			buildActionMask = 2147483647;
			files = (
				3E410AF820775099006DA214 /* WaterMarkDeleteTests.m in Sources */,
			);
			runOnlyForDeploymentPostprocessing = 0;
		};
		3E410AFA20775099006DA214 /* Sources */ = {
			isa = PBXSourcesBuildPhase;
			buildActionMask = 2147483647;
			files = (
				3E410B0320775099006DA214 /* WaterMarkDeleteUITests.m in Sources */,
			);
			runOnlyForDeploymentPostprocessing = 0;
		};
/* End PBXSourcesBuildPhase section */

/* Begin PBXTargetDependency section */
		3E410AF520775099006DA214 /* PBXTargetDependency */ = {
			isa = PBXTargetDependency;
			target = 3E410ADA20775091006DA214 /* WaterMarkDelete */;
			targetProxy = 3E410AF420775099006DA214 /* PBXContainerItemProxy */;
		};
		3E410B0020775099006DA214 /* PBXTargetDependency */ = {
			isa = PBXTargetDependency;
			target = 3E410ADA20775091006DA214 /* WaterMarkDelete */;
			targetProxy = 3E410AFF20775099006DA214 /* PBXContainerItemProxy */;
		};
/* End PBXTargetDependency section */

/* Begin PBXVariantGroup section */
		3E410AE420775092006DA214 /* Main.storyboard */ = {
			isa = PBXVariantGroup;
			children = (
				3E410AE520775092006DA214 /* Base */,
			);
			name = Main.storyboard;
			sourceTree = "<group>";
		};
		3E410AE920775099006DA214 /* LaunchScreen.storyboard */ = {
			isa = PBXVariantGroup;
			children = (
				3E410AEA20775099006DA214 /* Base */,
			);
			name = LaunchScreen.storyboard;
			sourceTree = "<group>";
		};
/* End PBXVariantGroup section */

/* Begin XCBuildConfiguration section */
		3E410B0520775099006DA214 /* Debug */ = {
			isa = XCBuildConfiguration;
			buildSettings = {
				ALWAYS_SEARCH_USER_PATHS = NO;
				CLANG_ANALYZER_NONNULL = YES;
				CLANG_ANALYZER_NUMBER_OBJECT_CONVERSION = YES_AGGRESSIVE;
				CLANG_CXX_LANGUAGE_STANDARD = "gnu++17";
				CLANG_CXX_LIBRARY = "libc++";
				CLANG_ENABLE_MODULES = YES;
				CLANG_ENABLE_OBJC_ARC = YES;
				CLANG_ENABLE_OBJC_WEAK = YES;
				CLANG_WARN_BLOCK_CAPTURE_AUTORELEASING = YES;
				CLANG_WARN_BOOL_CONVERSION = YES;
				CLANG_WARN_COMMA = YES;
				CLANG_WARN_CONSTANT_CONVERSION = YES;
				CLANG_WARN_DEPRECATED_OBJC_IMPLEMENTATIONS = YES;
				CLANG_WARN_DIRECT_OBJC_ISA_USAGE = YES_ERROR;
				CLANG_WARN_DOCUMENTATION_COMMENTS = YES;
				CLANG_WARN_EMPTY_BODY = YES;
				CLANG_WARN_ENUM_CONVERSION = YES;
				CLANG_WARN_INFINITE_RECURSION = YES;
				CLANG_WARN_INT_CONVERSION = YES;
				CLANG_WARN_NON_LITERAL_NULL_CONVERSION = YES;
				CLANG_WARN_OBJC_IMPLICIT_RETAIN_SELF = YES;
				CLANG_WARN_OBJC_LITERAL_CONVERSION = YES;
				CLANG_WARN_OBJC_ROOT_CLASS = YES_ERROR;
				CLANG_WARN_RANGE_LOOP_ANALYSIS = YES;
				CLANG_WARN_STRICT_PROTOTYPES = YES;
				CLANG_WARN_SUSPICIOUS_MOVE = YES;
				CLANG_WARN_UNGUARDED_AVAILABILITY = YES_AGGRESSIVE;
				CLANG_WARN_UNREACHABLE_CODE = YES;
				CLANG_WARN__DUPLICATE_METHOD_MATCH = YES;
				CODE_SIGN_IDENTITY = "iPhone Developer";
				COPY_PHASE_STRIP = NO;
				DEBUG_INFORMATION_FORMAT = dwarf;
				ENABLE_STRICT_OBJC_MSGSEND = YES;
				ENABLE_TESTABILITY = YES;
				GCC_C_LANGUAGE_STANDARD = gnu11;
				GCC_DYNAMIC_NO_PIC = NO;
				GCC_NO_COMMON_BLOCKS = YES;
				GCC_OPTIMIZATION_LEVEL = 0;
				GCC_PRECOMPILE_PREFIX_HEADER = NO;
				GCC_PREFIX_HEADER = "";
				GCC_PREPROCESSOR_DEFINITIONS = (
					"DEBUG=1",
					"$(inherited)",
				);
				GCC_WARN_64_TO_32_BIT_CONVERSION = YES;
				GCC_WARN_ABOUT_RETURN_TYPE = YES_ERROR;
				GCC_WARN_UNDECLARED_SELECTOR = YES;
				GCC_WARN_UNINITIALIZED_AUTOS = YES_AGGRESSIVE;
				GCC_WARN_UNUSED_FUNCTION = YES;
				GCC_WARN_UNUSED_VARIABLE = YES;
				IPHONEOS_DEPLOYMENT_TARGET = 11.3;
				MTL_ENABLE_DEBUG_INFO = YES;
				ONLY_ACTIVE_ARCH = YES;
				SDKROOT = iphoneos;
			};
			name = Debug;
		};
		3E410B0620775099006DA214 /* Release */ = {
			isa = XCBuildConfiguration;
			buildSettings = {
				ALWAYS_SEARCH_USER_PATHS = NO;
				CLANG_ANALYZER_NONNULL = YES;
				CLANG_ANALYZER_NUMBER_OBJECT_CONVERSION = YES_AGGRESSIVE;
				CLANG_CXX_LANGUAGE_STANDARD = "gnu++17";
				CLANG_CXX_LIBRARY = "libc++";
				CLANG_ENABLE_MODULES = YES;
				CLANG_ENABLE_OBJC_ARC = YES;
				CLANG_ENABLE_OBJC_WEAK = YES;
				CLANG_WARN_BLOCK_CAPTURE_AUTORELEASING = YES;
				CLANG_WARN_BOOL_CONVERSION = YES;
				CLANG_WARN_COMMA = YES;
				CLANG_WARN_CONSTANT_CONVERSION = YES;
				CLANG_WARN_DEPRECATED_OBJC_IMPLEMENTATIONS = YES;
				CLANG_WARN_DIRECT_OBJC_ISA_USAGE = YES_ERROR;
				CLANG_WARN_DOCUMENTATION_COMMENTS = YES;
				CLANG_WARN_EMPTY_BODY = YES;
				CLANG_WARN_ENUM_CONVERSION = YES;
				CLANG_WARN_INFINITE_RECURSION = YES;
				CLANG_WARN_INT_CONVERSION = YES;
				CLANG_WARN_NON_LITERAL_NULL_CONVERSION = YES;
				CLANG_WARN_OBJC_IMPLICIT_RETAIN_SELF = YES;
				CLANG_WARN_OBJC_LITERAL_CONVERSION = YES;
				CLANG_WARN_OBJC_ROOT_CLASS = YES_ERROR;
				CLANG_WARN_RANGE_LOOP_ANALYSIS = YES;
				CLANG_WARN_STRICT_PROTOTYPES = YES;
				CLANG_WARN_SUSPICIOUS_MOVE = YES;
				CLANG_WARN_UNGUARDED_AVAILABILITY = YES_AGGRESSIVE;
				CLANG_WARN_UNREACHABLE_CODE = YES;
				CLANG_WARN__DUPLICATE_METHOD_MATCH = YES;
				CODE_SIGN_IDENTITY = "iPhone Developer";
				COPY_PHASE_STRIP = NO;
				DEBUG_INFORMATION_FORMAT = "dwarf-with-dsym";
				ENABLE_NS_ASSERTIONS = NO;
				ENABLE_STRICT_OBJC_MSGSEND = YES;
				GCC_C_LANGUAGE_STANDARD = gnu11;
				GCC_NO_COMMON_BLOCKS = YES;
				GCC_PRECOMPILE_PREFIX_HEADER = NO;
				GCC_PREFIX_HEADER = "";
				GCC_WARN_64_TO_32_BIT_CONVERSION = YES;
				GCC_WARN_ABOUT_RETURN_TYPE = YES_ERROR;
				GCC_WARN_UNDECLARED_SELECTOR = YES;
				GCC_WARN_UNINITIALIZED_AUTOS = YES_AGGRESSIVE;
				GCC_WARN_UNUSED_FUNCTION = YES;
				GCC_WARN_UNUSED_VARIABLE = YES;
				IPHONEOS_DEPLOYMENT_TARGET = 11.3;
				MTL_ENABLE_DEBUG_INFO = NO;
				SDKROOT = iphoneos;
				VALIDATE_PRODUCT = YES;
			};
			name = Release;
		};
		3E410B0820775099006DA214 /* Debug */ = {
			isa = XCBuildConfiguration;
			baseConfigurationReference = 959066A9B7D90C48302B0FFD /* Pods-WaterMarkDelete.debug.xcconfig */;
			buildSettings = {
				ASSETCATALOG_COMPILER_APPICON_NAME = AppIcon;
				CLANG_CXX_LANGUAGE_STANDARD = "gnu++17";
				CLANG_CXX_LIBRARY = "libc++";
				CODE_SIGN_STYLE = Automatic;
				DEVELOPMENT_TEAM = XJ5GDW35L8;
				FRAMEWORK_SEARCH_PATHS = (
					"$(inherited)",
					"$(PROJECT_DIR)",
				);
				GCC_PRECOMPILE_PREFIX_HEADER = YES;
				GCC_PREFIX_HEADER = WaterMarkDelete/WaterMarkDelete.pch;
				INFOPLIST_FILE = WaterMarkDelete/Info.plist;
				LD_RUNPATH_SEARCH_PATHS = (
					"$(inherited)",
					"@executable_path/Frameworks",
				);
				PRODUCT_BUNDLE_IDENTIFIER = WYM.WaterMarkDelete;
				PRODUCT_NAME = "$(TARGET_NAME)";
				TARGETED_DEVICE_FAMILY = "1,2";
			};
			name = Debug;
		};
		3E410B0920775099006DA214 /* Release */ = {
			isa = XCBuildConfiguration;
			baseConfigurationReference = CDD8DF8C97DEF91FB4114BE1 /* Pods-WaterMarkDelete.release.xcconfig */;
			buildSettings = {
				ASSETCATALOG_COMPILER_APPICON_NAME = AppIcon;
				CLANG_CXX_LANGUAGE_STANDARD = "gnu++17";
				CLANG_CXX_LIBRARY = "libc++";
				CODE_SIGN_STYLE = Automatic;
				DEVELOPMENT_TEAM = XJ5GDW35L8;
				FRAMEWORK_SEARCH_PATHS = (
					"$(inherited)",
					"$(PROJECT_DIR)",
				);
				GCC_PRECOMPILE_PREFIX_HEADER = YES;
				GCC_PREFIX_HEADER = WaterMarkDelete/WaterMarkDelete.pch;
				INFOPLIST_FILE = WaterMarkDelete/Info.plist;
				LD_RUNPATH_SEARCH_PATHS = (
					"$(inherited)",
					"@executable_path/Frameworks",
				);
				PRODUCT_BUNDLE_IDENTIFIER = WYM.WaterMarkDelete;
				PRODUCT_NAME = "$(TARGET_NAME)";
				TARGETED_DEVICE_FAMILY = "1,2";
			};
			name = Release;
		};
		3E410B0B20775099006DA214 /* Debug */ = {
			isa = XCBuildConfiguration;
			baseConfigurationReference = 4BAAA442F94A7A24C6A3307E /* Pods-WaterMarkDeleteTests.debug.xcconfig */;
			buildSettings = {
				BUNDLE_LOADER = "$(TEST_HOST)";
				CODE_SIGN_STYLE = Automatic;
				INFOPLIST_FILE = WaterMarkDeleteTests/Info.plist;
				LD_RUNPATH_SEARCH_PATHS = (
					"$(inherited)",
					"@executable_path/Frameworks",
					"@loader_path/Frameworks",
				);
				PRODUCT_BUNDLE_IDENTIFIER = WYM.WaterMarkDeleteTests;
				PRODUCT_NAME = "$(TARGET_NAME)";
				TARGETED_DEVICE_FAMILY = "1,2";
				TEST_HOST = "$(BUILT_PRODUCTS_DIR)/WaterMarkDelete.app/WaterMarkDelete";
			};
			name = Debug;
		};
		3E410B0C20775099006DA214 /* Release */ = {
			isa = XCBuildConfiguration;
			baseConfigurationReference = CBDE110B2912D1A891931DAA /* Pods-WaterMarkDeleteTests.release.xcconfig */;
			buildSettings = {
				BUNDLE_LOADER = "$(TEST_HOST)";
				CODE_SIGN_STYLE = Automatic;
				INFOPLIST_FILE = WaterMarkDeleteTests/Info.plist;
				LD_RUNPATH_SEARCH_PATHS = (
					"$(inherited)",
					"@executable_path/Frameworks",
					"@loader_path/Frameworks",
				);
				PRODUCT_BUNDLE_IDENTIFIER = WYM.WaterMarkDeleteTests;
				PRODUCT_NAME = "$(TARGET_NAME)";
				TARGETED_DEVICE_FAMILY = "1,2";
				TEST_HOST = "$(BUILT_PRODUCTS_DIR)/WaterMarkDelete.app/WaterMarkDelete";
			};
			name = Release;
		};
		3E410B0E20775099006DA214 /* Debug */ = {
			isa = XCBuildConfiguration;
			baseConfigurationReference = 600D02087DEA53AE1D7EB913 /* Pods-WaterMarkDeleteUITests.debug.xcconfig */;
			buildSettings = {
				CODE_SIGN_STYLE = Automatic;
				INFOPLIST_FILE = WaterMarkDeleteUITests/Info.plist;
				LD_RUNPATH_SEARCH_PATHS = (
					"$(inherited)",
					"@executable_path/Frameworks",
					"@loader_path/Frameworks",
				);
				PRODUCT_BUNDLE_IDENTIFIER = WYM.WaterMarkDeleteUITests;
				PRODUCT_NAME = "$(TARGET_NAME)";
				TARGETED_DEVICE_FAMILY = "1,2";
				TEST_TARGET_NAME = WaterMarkDelete;
			};
			name = Debug;
		};
		3E410B0F20775099006DA214 /* Release */ = {
			isa = XCBuildConfiguration;
			baseConfigurationReference = 7AB8ED2930F4DEC749E317FD /* Pods-WaterMarkDeleteUITests.release.xcconfig */;
			buildSettings = {
				CODE_SIGN_STYLE = Automatic;
				INFOPLIST_FILE = WaterMarkDeleteUITests/Info.plist;
				LD_RUNPATH_SEARCH_PATHS = (
					"$(inherited)",
					"@executable_path/Frameworks",
					"@loader_path/Frameworks",
				);
				PRODUCT_BUNDLE_IDENTIFIER = WYM.WaterMarkDeleteUITests;
				PRODUCT_NAME = "$(TARGET_NAME)";
				TARGETED_DEVICE_FAMILY = "1,2";
				TEST_TARGET_NAME = WaterMarkDelete;
			};
			name = Release;
		};
/* End XCBuildConfiguration section */

/* Begin XCConfigurationList section */
		3E410AD620775091006DA214 /* Build configuration list for PBXProject "WaterMarkDelete" */ = {
			isa = XCConfigurationList;
			buildConfigurations = (
				3E410B0520775099006DA214 /* Debug */,
				3E410B0620775099006DA214 /* Release */,
			);
			defaultConfigurationIsVisible = 0;
			defaultConfigurationName = Release;
		};
		3E410B0720775099006DA214 /* Build configuration list for PBXNativeTarget "WaterMarkDelete" */ = {
			isa = XCConfigurationList;
			buildConfigurations = (
				3E410B0820775099006DA214 /* Debug */,
				3E410B0920775099006DA214 /* Release */,
			);
			defaultConfigurationIsVisible = 0;
			defaultConfigurationName = Release;
		};
		3E410B0A20775099006DA214 /* Build configuration list for PBXNativeTarget "WaterMarkDeleteTests" */ = {
			isa = XCConfigurationList;
			buildConfigurations = (
				3E410B0B20775099006DA214 /* Debug */,
				3E410B0C20775099006DA214 /* Release */,
			);
			defaultConfigurationIsVisible = 0;
			defaultConfigurationName = Release;
		};
		3E410B0D20775099006DA214 /* Build configuration list for PBXNativeTarget "WaterMarkDeleteUITests" */ = {
			isa = XCConfigurationList;
			buildConfigurations = (
				3E410B0E20775099006DA214 /* Debug */,
				3E410B0F20775099006DA214 /* Release */,
			);
			defaultConfigurationIsVisible = 0;
			defaultConfigurationName = Release;
		};
/* End XCConfigurationList section */
	};
	rootObject = 3E410AD320775091006DA214 /* Project object */;
}
